
Microsoft Visual Studio Solution File, Format Version 12.00
# Visual Studio Version 17
VisualStudioVersion = 17.8.34322.80
MinimumVisualStudioVersion = 10.0.40219.1
Project("{FAE04EC0-301F-11D3-BF4B-00C04F79EFBC}") = "DotNet-OpenCV-Video-Test", "DotNet-OpenCV-Video-Test.csproj", "{9F824281-F51F-4E85-A2E2-9D2A005CABE8}"
EndProject
Global
	GlobalSection(SolutionConfigurationPlatforms) = preSolution
		Debug|Any CPU = Debug|Any CPU
		Release|Any CPU = Release|Any CPU
	EndGlobalSection
	GlobalSection(ProjectConfigurationPlatforms) = postSolution
		{9F824281-F51F-4E85-A2E2-9D2A005CABE8}.Debug|Any CPU.ActiveCfg = Debug|Any CPU
		{9F824281-F51F-4E85-A2E2-9D2A005CABE8}.Debug|Any CPU.Build.0 = Debug|Any CPU
		{9F824281-F51F-4E85-A2E2-9D2A005CABE8}.Release|Any CPU.ActiveCfg = Release|Any CPU
		{9F824281-F51F-4E85-A2E2-9D2A005CABE8}.Release|Any CPU.Build.0 = Release|Any CPU
	EndGlobalSection
	GlobalSection(SolutionProperties) = preSolution
		HideSolutionNode = FALSE
	EndGlobalSection
	GlobalSection(ExtensibilityGlobals) = postSolution
		SolutionGuid = {663C0B74-A2EA-497C-A9DD-10B966A57E7E}
	EndGlobalSection
EndGlobal
